// !$*UTF8*$!
{
	archiveVersion = 1;
	classes = {
	};
	objectVersion = 46;
	objects = {

/* Begin PBXBuildFile section */
		802FE8E91953585F009188E2 /* AppKit.framework in Frameworks */ = {isa = PBXBuildFile; fileRef = 802FE8E81953585F009188E2 /* AppKit.framework */; };
		802FE8EB1953585F009188E2 /* Foundation.framework in Frameworks */ = {isa = PBXBuildFile; fileRef = 802FE8EA1953585F009188E2 /* Foundation.framework */; };
		802FE8F11953585F009188E2 /* DebugSearch.m in Sources */ = {isa = PBXBuildFile; fileRef = 802FE8F01953585F009188E2 /* DebugSearch.m */; };
		802FE8F31953585F009188E2 /* DebugSearch-Prefix.pch in Resources */ = {isa = PBXBuildFile; fileRef = 802FE8F21953585F009188E2 /* DebugSearch-Prefix.pch */; };
		802FE8F51953585F009188E2 /* DebugSearch-Info.plist in Resources */ = {isa = PBXBuildFile; fileRef = 802FE8F41953585F009188E2 /* DebugSearch-Info.plist */; };
/* End PBXBuildFile section */

/* Begin PBXFileReference section */
		802FE8E51953585F009188E2 /* DebugSearch.xcplugin */ = {isa = PBXFileReference; explicitFileType = wrapper.cfbundle; includeInIndex = 0; path = DebugSearch.xcplugin; sourceTree = BUILT_PRODUCTS_DIR; };
		802FE8E81953585F009188E2 /* AppKit.framework */ = {isa = PBXFileReference; lastKnownFileType = wrapper.framework; name = AppKit.framework; path = /System/Library/Frameworks/AppKit.framework; sourceTree = "<absolute>"; };
		802FE8EA1953585F009188E2 /* Foundation.framework */ = {isa = PBXFileReference; lastKnownFileType = wrapper.framework; name = Foundation.framework; path = /System/Library/Frameworks/Foundation.framework; sourceTree = "<absolute>"; };
		802FE8EE1953585F009188E2 /* Info.plist */ = {isa = PBXFileReference; lastKnownFileType = text.plist.xml; path = Info.plist; sourceTree = "<group>"; };
		802FE8EF1953585F009188E2 /* DebugSearch.h */ = {isa = PBXFileReference; lastKnownFileType = sourcecode.c.h; path = DebugSearch.h; sourceTree = "<group>"; };
		802FE8F01953585F009188E2 /* DebugSearch.m */ = {isa = PBXFileReference; lastKnownFileType = sourcecode.c.objc; path = DebugSearch.m; sourceTree = "<group>"; };
		802FE8F21953585F009188E2 /* DebugSearch-Prefix.pch */ = {isa = PBXFileReference; lastKnownFileType = sourcecode.c.h; path = "DebugSearch-Prefix.pch"; sourceTree = "<group>"; };
		802FE8F41953585F009188E2 /* DebugSearch-Info.plist */ = {isa = PBXFileReference; lastKnownFileType = text.plist.xml; path = "DebugSearch-Info.plist"; sourceTree = "<group>"; };
/* End PBXFileReference section */

/* Begin PBXFrameworksBuildPhase section */
		802FE8E21953585F009188E2 /* Frameworks */ = {
			isa = PBXFrameworksBuildPhase;
			buildActionMask = 2147483647;
			files = (
				802FE8E91953585F009188E2 /* AppKit.framework in Frameworks */,
				802FE8EB1953585F009188E2 /* Foundation.framework in Frameworks */,
			);
			runOnlyForDeploymentPostprocessing = 0;
		};
/* End PBXFrameworksBuildPhase section */

/* Begin PBXGroup section */
		802FE8DC1953585F009188E2 = {
			isa = PBXGroup;
			children = (
				802FE8EC1953585F009188E2 /* DebugSearch */,
				802FE8E71953585F009188E2 /* Frameworks */,
				802FE8E61953585F009188E2 /* Products */,
			);
			sourceTree = "<group>";
		};
		802FE8E61953585F009188E2 /* Products */ = {
			isa = PBXGroup;
			children = (
				802FE8E51953585F009188E2 /* DebugSearch.xcplugin */,
			);
			name = Products;
			sourceTree = "<group>";
		};
		802FE8E71953585F009188E2 /* Frameworks */ = {
			isa = PBXGroup;
			children = (
				802FE8E81953585F009188E2 /* AppKit.framework */,
				802FE8EA1953585F009188E2 /* Foundation.framework */,
			);
			name = Frameworks;
			sourceTree = "<group>";
		};
		802FE8EC1953585F009188E2 /* DebugSearch */ = {
			isa = PBXGroup;
			children = (
				802FE8EF1953585F009188E2 /* DebugSearch.h */,
				802FE8F01953585F009188E2 /* DebugSearch.m */,
				802FE8F21953585F009188E2 /* DebugSearch-Prefix.pch */,
				802FE8F41953585F009188E2 /* DebugSearch-Info.plist */,
				802FE8ED1953585F009188E2 /* Supporting Files */,
			);
			path = DebugSearch;
			sourceTree = "<group>";
		};
		802FE8ED1953585F009188E2 /* Supporting Files */ = {
			isa = PBXGroup;
			children = (
				802FE8EE1953585F009188E2 /* Info.plist */,
			);
			name = "Supporting Files";
			sourceTree = "<group>";
		};
/* End PBXGroup section */

/* Begin PBXNativeTarget section */
		802FE8E41953585F009188E2 /* DebugSearch */ = {
			isa = PBXNativeTarget;
			buildConfigurationList = 802FE8F81953585F009188E2 /* Build configuration list for PBXNativeTarget "DebugSearch" */;
			buildPhases = (
				802FE8E11953585F009188E2 /* Sources */,
				802FE8E21953585F009188E2 /* Frameworks */,
				802FE8E31953585F009188E2 /* Resources */,
			);
			buildRules = (
			);
			dependencies = (
			);
			name = DebugSearch;
			productName = DebugSearch;
			productReference = 802FE8E51953585F009188E2 /* DebugSearch.xcplugin */;
			productType = "com.apple.product-type.bundle";
		};
/* End PBXNativeTarget section */

/* Begin PBXProject section */
		802FE8DD1953585F009188E2 /* Project object */ = {
			isa = PBXProject;
			attributes = {
				LastUpgradeCheck = 0600;
				ORGANIZATIONNAME = moises;
				TargetAttributes = {
					802FE8E41953585F009188E2 = {
						CreatedOnToolsVersion = 6.0;
					};
				};
			};
			buildConfigurationList = 802FE8E01953585F009188E2 /* Build configuration list for PBXProject "DebugSearch" */;
			compatibilityVersion = "Xcode 3.2";
			developmentRegion = English;
			hasScannedForEncodings = 0;
			knownRegions = (
				en,
			);
			mainGroup = 802FE8DC1953585F009188E2;
			productRefGroup = 802FE8E61953585F009188E2 /* Products */;
			projectDirPath = "";
			projectRoot = "";
			targets = (
				802FE8E41953585F009188E2 /* DebugSearch */,
			);
		};
/* End PBXProject section */

/* Begin PBXResourcesBuildPhase section */
		802FE8E31953585F009188E2 /* Resources */ = {
			isa = PBXResourcesBuildPhase;
			buildActionMask = 2147483647;
			files = (
				802FE8F51953585F009188E2 /* DebugSearch-Info.plist in Resources */,
				802FE8F31953585F009188E2 /* DebugSearch-Prefix.pch in Resources */,
			);
			runOnlyForDeploymentPostprocessing = 0;
		};
/* End PBXResourcesBuildPhase section */

/* Begin PBXSourcesBuildPhase section */
		802FE8E11953585F009188E2 /* Sources */ = {
			isa = PBXSourcesBuildPhase;
			buildActionMask = 2147483647;
			files = (
				802FE8F11953585F009188E2 /* DebugSearch.m in Sources */,
			);
			runOnlyForDeploymentPostprocessing = 0;
		};
/* End PBXSourcesBuildPhase section */

/* Begin XCBuildConfiguration section */
		802FE8F61953585F009188E2 /* Debug */ = {
			isa = XCBuildConfiguration;
			buildSettings = {
				ALWAYS_SEARCH_USER_PATHS = NO;
				CLANG_CXX_LANGUAGE_STANDARD = "gnu++0x";
				CLANG_CXX_LIBRARY = "libc++";
				CLANG_ENABLE_MODULES = YES;
				CLANG_ENABLE_OBJC_ARC = YES;
				CLANG_WARN_BOOL_CONVERSION = YES;
				CLANG_WARN_CONSTANT_CONVERSION = YES;
				CLANG_WARN_DIRECT_OBJC_ISA_USAGE = YES_ERROR;
				CLANG_WARN_EMPTY_BODY = YES;
				CLANG_WARN_ENUM_CONVERSION = YES;
				CLANG_WARN_INT_CONVERSION = YES;
				CLANG_WARN_OBJC_ROOT_CLASS = YES_ERROR;
				CLANG_WARN_UNREACHABLE_CODE = YES;
				CLANG_WARN__DUPLICATE_METHOD_MATCH = YES;
				COPY_PHASE_STRIP = NO;
				ENABLE_STRICT_OBJC_MSGSEND = YES;
				GCC_C_LANGUAGE_STANDARD = gnu99;
				GCC_DYNAMIC_NO_PIC = NO;
				GCC_OPTIMIZATION_LEVEL = 0;
				GCC_PREPROCESSOR_DEFINITIONS = (
					"DEBUG=1",
					"$(inherited)",
				);
				GCC_SYMBOLS_PRIVATE_EXTERN = NO;
				GCC_WARN_64_TO_32_BIT_CONVERSION = YES;
				GCC_WARN_ABOUT_RETURN_TYPE = YES_ERROR;
				GCC_WARN_UNDECLARED_SELECTOR = YES;
				GCC_WARN_UNINITIALIZED_AUTOS = YES_AGGRESSIVE;
				GCC_WARN_UNUSED_FUNCTION = YES;
				GCC_WARN_UNUSED_VARIABLE = YES;
				METAL_ENABLE_DEBUG_INFO = YES;
				ONLY_ACTIVE_ARCH = YES;
			};
			name = Debug;
		};
		802FE8F71953585F009188E2 /* Release */ = {
			isa = XCBuildConfiguration;
			buildSettings = {
				ALWAYS_SEARCH_USER_PATHS = NO;
				CLANG_CXX_LANGUAGE_STANDARD = "gnu++0x";
				CLANG_CXX_LIBRARY = "libc++";
				CLANG_ENABLE_MODULES = YES;
				CLANG_ENABLE_OBJC_ARC = YES;
				CLANG_WARN_BOOL_CONVERSION = YES;
				CLANG_WARN_CONSTANT_CONVERSION = YES;
				CLANG_WARN_DIRECT_OBJC_ISA_USAGE = YES_ERROR;
				CLANG_WARN_EMPTY_BODY = YES;
				CLANG_WARN_ENUM_CONVERSION = YES;
				CLANG_WARN_INT_CONVERSION = YES;
				CLANG_WARN_OBJC_ROOT_CLASS = YES_ERROR;
				CLANG_WARN_UNREACHABLE_CODE = YES;
				CLANG_WARN__DUPLICATE_METHOD_MATCH = YES;
				COPY_PHASE_STRIP = YES;
				ENABLE_NS_ASSERTIONS = NO;
				ENABLE_STRICT_OBJC_MSGSEND = YES;
				GCC_C_LANGUAGE_STANDARD = gnu99;
				GCC_WARN_64_TO_32_BIT_CONVERSION = YES;
				GCC_WARN_ABOUT_RETURN_TYPE = YES_ERROR;
				GCC_WARN_UNDECLARED_SELECTOR = YES;
				GCC_WARN_UNINITIALIZED_AUTOS = YES_AGGRESSIVE;
				GCC_WARN_UNUSED_FUNCTION = YES;
				GCC_WARN_UNUSED_VARIABLE = YES;
				METAL_ENABLE_DEBUG_INFO = NO;
			};
			name = Release;
		};
		802FE8F91953585F009188E2 /* Debug */ = {
			isa = XCBuildConfiguration;
			buildSettings = {
				COMBINE_HIDPI_IMAGES = YES;
				DEPLOYMENT_LOCATION = YES;
				DSTROOT = "$(HOME)";
				INFOPLIST_FILE = DebugSearch/Info.plist;
				INSTALL_PATH = "/Library/Application Support/Developer/Shared/Xcode/Plug-ins";
				ONLY_ACTIVE_ARCH = NO;
				PRODUCT_NAME = "$(TARGET_NAME)";
				SDKROOT = macosx;
				WRAPPER_EXTENSION = xcplugin;
			};
			name = Debug;
		};
		802FE8FA1953585F009188E2 /* Release */ = {
			isa = XCBuildConfiguration;
			buildSettings = {
				COMBINE_HIDPI_IMAGES = YES;
				DEPLOYMENT_LOCATION = YES;
				DSTROOT = "$(HOME)";
				INFOPLIST_FILE = DebugSearch/Info.plist;
				INSTALL_PATH = "/Library/Application Support/Developer/Shared/Xcode/Plug-ins";
				PRODUCT_NAME = "$(TARGET_NAME)";
				SDKROOT = macosx;
				WRAPPER_EXTENSION = xcplugin;
			};
			name = Release;
		};
/* End XCBuildConfiguration section */

/* Begin XCConfigurationList section */
		802FE8E01953585F009188E2 /* Build configuration list for PBXProject "DebugSearch" */ = {
			isa = XCConfigurationList;
			buildConfigurations = (
				802FE8F61953585F009188E2 /* Debug */,
				802FE8F71953585F009188E2 /* Release */,
			);
			defaultConfigurationIsVisible = 0;
			defaultConfigurationName = Release;
		};
		802FE8F81953585F009188E2 /* Build configuration list for PBXNativeTarget "DebugSearch" */ = {
			isa = XCConfigurationList;
			buildConfigurations = (
				802FE8F91953585F009188E2 /* Debug */,
				802FE8FA1953585F009188E2 /* Release */,
			);
			defaultConfigurationIsVisible = 0;
			defaultConfigurationName = Release;
		};
/* End XCConfigurationList section */
	};
	rootObject = 802FE8DD1953585F009188E2 /* Project object */;
}
